
Microsoft Visual Studio Solution File, Format Version 12.00
# Visual Studio Version 17
VisualStudioVersion = 17.11.35005.142
MinimumVisualStudioVersion = 10.0.40219.1
Project("{2150E333-8FDC-42A3-9474-1A3956D46DE8}") = "src", "src", "{63E94E3C-1881-41F0-AF44-CE9CC4F9904B}"
EndProject
Project("{FAE04EC0-301F-11D3-BF4B-00C04F79EFBC}") = "RepositoryDesignPattern.API", "src\RepositoryDesignPattern.API\RepositoryDesignPattern.API.csproj", "{18B0A68E-FA89-4626-8D74-5E575E4C28DD}"
EndProject
Global
	GlobalSection(SolutionConfigurationPlatforms) = preSolution
		Debug|Any CPU = Debug|Any CPU
		Release|Any CPU = Release|Any CPU
	EndGlobalSection
	GlobalSection(ProjectConfigurationPlatforms) = postSolution
		{18B0A68E-FA89-4626-8D74-5E575E4C28DD}.Debug|Any CPU.ActiveCfg = Debug|Any CPU
		{18B0A68E-FA89-4626-8D74-5E575E4C28DD}.Debug|Any CPU.Build.0 = Debug|Any CPU
		{18B0A68E-FA89-4626-8D74-5E575E4C28DD}.Release|Any CPU.ActiveCfg = Release|Any CPU
		{18B0A68E-FA89-4626-8D74-5E575E4C28DD}.Release|Any CPU.Build.0 = Release|Any CPU
	EndGlobalSection
	GlobalSection(SolutionProperties) = preSolution
		HideSolutionNode = FALSE
	EndGlobalSection
	GlobalSection(NestedProjects) = preSolution
		{18B0A68E-FA89-4626-8D74-5E575E4C28DD} = {63E94E3C-1881-41F0-AF44-CE9CC4F9904B}
	EndGlobalSection
	GlobalSection(ExtensibilityGlobals) = postSolution
		SolutionGuid = {F2228570-7032-46AA-97D5-0C0ACD0640F5}
	EndGlobalSection
EndGlobal
